
Microsoft Visual Studio Solution File, Format Version 12.00
# Visual Studio Version 17
VisualStudioVersion = 17.1.32319.34
MinimumVisualStudioVersion = 10.0.40219.1
Project("{FAE04EC0-301F-11D3-BF4B-00C04F79EFBC}") = "HarmonyAnalyser", "HarmonyAnalyser.csproj", "{5FF712FF-1200-4726-A45C-F21214E5475C}"
EndProject
Global
	GlobalSection(SolutionConfigurationPlatforms) = preSolution
		Debug|Any CPU = Debug|Any CPU
		Release|Any CPU = Release|Any CPU
	EndGlobalSection
	GlobalSection(ProjectConfigurationPlatforms) = postSolution
		{5FF712FF-1200-4726-A45C-F21214E5475C}.Debug|Any CPU.ActiveCfg = Debug|Any CPU
		{5FF712FF-1200-4726-A45C-F21214E5475C}.Debug|Any CPU.Build.0 = Debug|Any CPU
		{5FF712FF-1200-4726-A45C-F21214E5475C}.Release|Any CPU.ActiveCfg = Release|Any CPU
		{5FF712FF-1200-4726-A45C-F21214E5475C}.Release|Any CPU.Build.0 = Release|Any CPU
	EndGlobalSection
	GlobalSection(SolutionProperties) = preSolution
		HideSolutionNode = FALSE
	EndGlobalSection
	GlobalSection(ExtensibilityGlobals) = postSolution
		SolutionGuid = {23181AAA-972F-4079-A81F-C1C617E1D67C}
	EndGlobalSection
EndGlobal
