
Microsoft Visual Studio Solution File, Format Version 12.00
# Visual Studio Version 17
VisualStudioVersion = 17.1.32319.34
MinimumVisualStudioVersion = 10.0.40219.1
Project("{FAE04EC0-301F-11D3-BF4B-00C04F79EFBC}") = "HarmonyAnalyser.Tests", "HarmonyAnalyser.Tests.csproj", "{048F8339-E19F-4AA5-9C56-2D03CA1F14D6}"
EndProject
Project("{9A19103F-16F7-4668-BE54-9A1E7A4F7556}") = "HarmonyAnalyser", "..\..\..\OneDrive\Dokumenty\GitHub\HarmonyAnalyser\HarmonyAnalyser.csproj", "{BE4F6F5C-E449-4F42-98BF-BF14523E9F05}"
EndProject
Global
	GlobalSection(SolutionConfigurationPlatforms) = preSolution
		Debug|Any CPU = Debug|Any CPU
		Release|Any CPU = Release|Any CPU
	EndGlobalSection
	GlobalSection(ProjectConfigurationPlatforms) = postSolution
		{048F8339-E19F-4AA5-9C56-2D03CA1F14D6}.Debug|Any CPU.ActiveCfg = Debug|Any CPU
		{048F8339-E19F-4AA5-9C56-2D03CA1F14D6}.Debug|Any CPU.Build.0 = Debug|Any CPU
		{048F8339-E19F-4AA5-9C56-2D03CA1F14D6}.Release|Any CPU.ActiveCfg = Release|Any CPU
		{048F8339-E19F-4AA5-9C56-2D03CA1F14D6}.Release|Any CPU.Build.0 = Release|Any CPU
		{BE4F6F5C-E449-4F42-98BF-BF14523E9F05}.Debug|Any CPU.ActiveCfg = Debug|Any CPU
		{BE4F6F5C-E449-4F42-98BF-BF14523E9F05}.Debug|Any CPU.Build.0 = Debug|Any CPU
		{BE4F6F5C-E449-4F42-98BF-BF14523E9F05}.Release|Any CPU.ActiveCfg = Release|Any CPU
		{BE4F6F5C-E449-4F42-98BF-BF14523E9F05}.Release|Any CPU.Build.0 = Release|Any CPU
	EndGlobalSection
	GlobalSection(SolutionProperties) = preSolution
		HideSolutionNode = FALSE
	EndGlobalSection
	GlobalSection(ExtensibilityGlobals) = postSolution
		SolutionGuid = {4861AC71-2321-499A-B01A-A461F85FE595}
	EndGlobalSection
EndGlobal
